
Microsoft Visual Studio Solution File, Format Version 12.00
# Visual Studio Version 17
VisualStudioVersion = 17.4.33110.190
MinimumVisualStudioVersion = 10.0.40219.1
Project("{FAE04EC0-301F-11D3-BF4B-00C04F79EFBC}") = "Pavel_Dyachuk_DZ", "Pavel_Dyachuk_DZ.csproj", "{4839C20C-D2BE-4A3A-BEF6-29EB7D1B76E6}"
EndProject
Global
	GlobalSection(SolutionConfigurationPlatforms) = preSolution
		Debug|Any CPU = Debug|Any CPU
		Release|Any CPU = Release|Any CPU
	EndGlobalSection
	GlobalSection(ProjectConfigurationPlatforms) = postSolution
		{4839C20C-D2BE-4A3A-BEF6-29EB7D1B76E6}.Debug|Any CPU.ActiveCfg = Debug|Any CPU
		{4839C20C-D2BE-4A3A-BEF6-29EB7D1B76E6}.Debug|Any CPU.Build.0 = Debug|Any CPU
		{4839C20C-D2BE-4A3A-BEF6-29EB7D1B76E6}.Release|Any CPU.ActiveCfg = Release|Any CPU
		{4839C20C-D2BE-4A3A-BEF6-29EB7D1B76E6}.Release|Any CPU.Build.0 = Release|Any CPU
	EndGlobalSection
	GlobalSection(SolutionProperties) = preSolution
		HideSolutionNode = FALSE
	EndGlobalSection
	GlobalSection(ExtensibilityGlobals) = postSolution
		SolutionGuid = {E34CB6C7-5017-4EDF-BFA5-9FE66E49F8DC}
	EndGlobalSection
EndGlobal
