
Microsoft Visual Studio Solution File, Format Version 12.00
# Visual Studio Version 17
VisualStudioVersion = 17.4.33110.190
MinimumVisualStudioVersion = 10.0.40219.1
Project("{9A19103F-16F7-4668-BE54-9A1E7A4F7556}") = "11_Exceptions_Practice_11-01-2023", "11_Exceptions_Practice_11-01-2023.csproj", "{B8DBE988-9CE3-466E-8E37-CE056FE4FF44}"
EndProject
Global
	GlobalSection(SolutionConfigurationPlatforms) = preSolution
		Debug|Any CPU = Debug|Any CPU
		Release|Any CPU = Release|Any CPU
	EndGlobalSection
	GlobalSection(ProjectConfigurationPlatforms) = postSolution
		{B8DBE988-9CE3-466E-8E37-CE056FE4FF44}.Debug|Any CPU.ActiveCfg = Debug|Any CPU
		{B8DBE988-9CE3-466E-8E37-CE056FE4FF44}.Debug|Any CPU.Build.0 = Debug|Any CPU
		{B8DBE988-9CE3-466E-8E37-CE056FE4FF44}.Release|Any CPU.ActiveCfg = Release|Any CPU
		{B8DBE988-9CE3-466E-8E37-CE056FE4FF44}.Release|Any CPU.Build.0 = Release|Any CPU
	EndGlobalSection
	GlobalSection(SolutionProperties) = preSolution
		HideSolutionNode = FALSE
	EndGlobalSection
	GlobalSection(ExtensibilityGlobals) = postSolution
		SolutionGuid = {D68914C0-5724-4C84-A417-A817C2BE3B3C}
	EndGlobalSection
EndGlobal
