
Microsoft Visual Studio Solution File, Format Version 12.00
# Visual Studio Version 17
VisualStudioVersion = 17.4.33205.214
MinimumVisualStudioVersion = 10.0.40219.1
Project("{9A19103F-16F7-4668-BE54-9A1E7A4F7556}") = "Task_3_Doc_system", "Task_3_Doc_system.csproj", "{32E62D02-3B26-44A8-8527-76DF1280F67E}"
EndProject
Global
	GlobalSection(SolutionConfigurationPlatforms) = preSolution
		Debug|Any CPU = Debug|Any CPU
		Release|Any CPU = Release|Any CPU
	EndGlobalSection
	GlobalSection(ProjectConfigurationPlatforms) = postSolution
		{32E62D02-3B26-44A8-8527-76DF1280F67E}.Debug|Any CPU.ActiveCfg = Debug|Any CPU
		{32E62D02-3B26-44A8-8527-76DF1280F67E}.Debug|Any CPU.Build.0 = Debug|Any CPU
		{32E62D02-3B26-44A8-8527-76DF1280F67E}.Release|Any CPU.ActiveCfg = Release|Any CPU
		{32E62D02-3B26-44A8-8527-76DF1280F67E}.Release|Any CPU.Build.0 = Release|Any CPU
	EndGlobalSection
	GlobalSection(SolutionProperties) = preSolution
		HideSolutionNode = FALSE
	EndGlobalSection
	GlobalSection(ExtensibilityGlobals) = postSolution
		SolutionGuid = {0E089EBC-287C-4BFD-ACE5-C31C8442EE34}
	EndGlobalSection
EndGlobal
