
Microsoft Visual Studio Solution File, Format Version 12.00
# Visual Studio Version 17
VisualStudioVersion = 17.4.33110.190
MinimumVisualStudioVersion = 10.0.40219.1
Project("{FAE04EC0-301F-11D3-BF4B-00C04F79EFBC}") = "PD_HW_05.12.2022", "PD_HW_05.12.2022.csproj", "{C780EE61-4078-4E54-8A17-AE53D49651ED}"
EndProject
Global
	GlobalSection(SolutionConfigurationPlatforms) = preSolution
		Debug|Any CPU = Debug|Any CPU
		Release|Any CPU = Release|Any CPU
	EndGlobalSection
	GlobalSection(ProjectConfigurationPlatforms) = postSolution
		{C780EE61-4078-4E54-8A17-AE53D49651ED}.Debug|Any CPU.ActiveCfg = Debug|Any CPU
		{C780EE61-4078-4E54-8A17-AE53D49651ED}.Debug|Any CPU.Build.0 = Debug|Any CPU
		{C780EE61-4078-4E54-8A17-AE53D49651ED}.Release|Any CPU.ActiveCfg = Release|Any CPU
		{C780EE61-4078-4E54-8A17-AE53D49651ED}.Release|Any CPU.Build.0 = Release|Any CPU
	EndGlobalSection
	GlobalSection(SolutionProperties) = preSolution
		HideSolutionNode = FALSE
	EndGlobalSection
	GlobalSection(ExtensibilityGlobals) = postSolution
		SolutionGuid = {104D975D-567A-424F-9E67-3ECD378D2709}
	EndGlobalSection
EndGlobal
