
Microsoft Visual Studio Solution File, Format Version 12.00
# Visual Studio Version 17
VisualStudioVersion = 17.4.33213.308
MinimumVisualStudioVersion = 10.0.40219.1
Project("{FAE04EC0-301F-11D3-BF4B-00C04F79EFBC}") = "14_Controllers_25-01-2023", "14_Controllers_25-01-2023.csproj", "{FB3CDFA5-876D-4C3E-9372-E7311DA15C59}"
EndProject
Global
	GlobalSection(SolutionConfigurationPlatforms) = preSolution
		Debug|Any CPU = Debug|Any CPU
		Release|Any CPU = Release|Any CPU
	EndGlobalSection
	GlobalSection(ProjectConfigurationPlatforms) = postSolution
		{FB3CDFA5-876D-4C3E-9372-E7311DA15C59}.Debug|Any CPU.ActiveCfg = Debug|Any CPU
		{FB3CDFA5-876D-4C3E-9372-E7311DA15C59}.Debug|Any CPU.Build.0 = Debug|Any CPU
		{FB3CDFA5-876D-4C3E-9372-E7311DA15C59}.Release|Any CPU.ActiveCfg = Release|Any CPU
		{FB3CDFA5-876D-4C3E-9372-E7311DA15C59}.Release|Any CPU.Build.0 = Release|Any CPU
	EndGlobalSection
	GlobalSection(SolutionProperties) = preSolution
		HideSolutionNode = FALSE
	EndGlobalSection
	GlobalSection(ExtensibilityGlobals) = postSolution
		SolutionGuid = {82620C37-DE2C-4452-9523-7C911B675DC3}
	EndGlobalSection
EndGlobal
